
Microsoft Visual Studio Solution File, Format Version 12.00
Project("{FAE04EC0-301F-11D3-BF4B-00C04F79EFBC}") = "ConsoleApp", "ConsoleApp\ConsoleApp.csproj", "{47E84FAC-EB31-48C1-AF96-35093A11179A}"
EndProject
Project("{2150E333-8FDC-42A3-9474-1A3956D46DE8}") = "Solution Items", "Solution Items", "{A235C40A-789E-4A18-A6C1-44801EBDBEE3}"
	ProjectSection(SolutionItems) = preProject
		README.md = README.md
	EndProjectSection
EndProject
Global
	GlobalSection(SolutionConfigurationPlatforms) = preSolution
		Debug|Any CPU = Debug|Any CPU
		Release|Any CPU = Release|Any CPU
	EndGlobalSection
	GlobalSection(ProjectConfigurationPlatforms) = postSolution
		{47E84FAC-EB31-48C1-AF96-35093A11179A}.Debug|Any CPU.ActiveCfg = Debug|Any CPU
		{47E84FAC-EB31-48C1-AF96-35093A11179A}.Debug|Any CPU.Build.0 = Debug|Any CPU
		{47E84FAC-EB31-48C1-AF96-35093A11179A}.Release|Any CPU.ActiveCfg = Release|Any CPU
		{47E84FAC-EB31-48C1-AF96-35093A11179A}.Release|Any CPU.Build.0 = Release|Any CPU
	EndGlobalSection
EndGlobal
